
Microsoft Visual Studio Solution File, Format Version 12.00
# Visual Studio Version 17
VisualStudioVersion = 17.2.32616.157
MinimumVisualStudioVersion = 10.0.40219.1
Project("{8BC9CEB8-8B4A-11D0-8D11-00A0C91BC942}") = "GP-painter-image-app", "GP-painter-image-app\GP-painter-image-app.vcxproj", "{2DB7B012-93D1-4C31-B2D6-E7DDACD81F2C}"
EndProject
Global
	GlobalSection(SolutionConfigurationPlatforms) = preSolution
		Debug|x64 = Debug|x64
		Debug|x86 = Debug|x86
		Release|x64 = Release|x64
		Release|x86 = Release|x86
	EndGlobalSection
	GlobalSection(ProjectConfigurationPlatforms) = postSolution
		{2DB7B012-93D1-4C31-B2D6-E7DDACD81F2C}.Debug|x64.ActiveCfg = Debug|x64
		{2DB7B012-93D1-4C31-B2D6-E7DDACD81F2C}.Debug|x64.Build.0 = Debug|x64
		{2DB7B012-93D1-4C31-B2D6-E7DDACD81F2C}.Debug|x86.ActiveCfg = Debug|Win32
		{2DB7B012-93D1-4C31-B2D6-E7DDACD81F2C}.Debug|x86.Build.0 = Debug|Win32
		{2DB7B012-93D1-4C31-B2D6-E7DDACD81F2C}.Release|x64.ActiveCfg = Release|x64
		{2DB7B012-93D1-4C31-B2D6-E7DDACD81F2C}.Release|x64.Build.0 = Release|x64
		{2DB7B012-93D1-4C31-B2D6-E7DDACD81F2C}.Release|x86.ActiveCfg = Release|Win32
		{2DB7B012-93D1-4C31-B2D6-E7DDACD81F2C}.Release|x86.Build.0 = Release|Win32
	EndGlobalSection
	GlobalSection(SolutionProperties) = preSolution
		HideSolutionNode = FALSE
	EndGlobalSection
	GlobalSection(ExtensibilityGlobals) = postSolution
		SolutionGuid = {EA3D141F-C357-441E-9DF7-3761CA00A28E}
	EndGlobalSection
EndGlobal
